
Microsoft Visual Studio Solution File, Format Version 12.00
# Visual Studio Version 17
VisualStudioVersion = 17.2.32526.322
MinimumVisualStudioVersion = 10.0.40219.1
Project("{FAE04EC0-301F-11D3-BF4B-00C04F79EFBC}") = "StackPractice", "Quesues and Stacks Practice\StackPractice.csproj", "{C6ECB37E-C93E-4686-9F9F-9C19BA86D4EA}"
EndProject
Global
	GlobalSection(SolutionConfigurationPlatforms) = preSolution
		Debug|Any CPU = Debug|Any CPU
		Release|Any CPU = Release|Any CPU
	EndGlobalSection
	GlobalSection(ProjectConfigurationPlatforms) = postSolution
		{C6ECB37E-C93E-4686-9F9F-9C19BA86D4EA}.Debug|Any CPU.ActiveCfg = Debug|Any CPU
		{C6ECB37E-C93E-4686-9F9F-9C19BA86D4EA}.Debug|Any CPU.Build.0 = Debug|Any CPU
		{C6ECB37E-C93E-4686-9F9F-9C19BA86D4EA}.Release|Any CPU.ActiveCfg = Release|Any CPU
		{C6ECB37E-C93E-4686-9F9F-9C19BA86D4EA}.Release|Any CPU.Build.0 = Release|Any CPU
	EndGlobalSection
	GlobalSection(SolutionProperties) = preSolution
		HideSolutionNode = FALSE
	EndGlobalSection
	GlobalSection(ExtensibilityGlobals) = postSolution
		SolutionGuid = {4C807B37-34A8-4861-A4C7-98BF8DB7969C}
	EndGlobalSection
EndGlobal
